
Microsoft Visual Studio Solution File, Format Version 12.00
# Visual Studio Version 16
VisualStudioVersion = 16.0.29806.167
MinimumVisualStudioVersion = 10.0.40219.1
Project("{FAE04EC0-301F-11D3-BF4B-00C04F79EFBC}") = "OS_simulation.UWP", "OS_simulation.UWP\OS_simulation.UWP.csproj", "{4CEAB93F-8CE5-4BEE-BDE8-011FD398C728}"
EndProject
Project("{FAE04EC0-301F-11D3-BF4B-00C04F79EFBC}") = "OS_simulation.Android", "OS_simulation.Android\OS_simulation.Android.csproj", "{D2207DFE-4FEA-4915-8D01-A430C6BBE826}"
EndProject
Project("{FAE04EC0-301F-11D3-BF4B-00C04F79EFBC}") = "OS_simulation.iOS", "OS_simulation.iOS\OS_simulation.iOS.csproj", "{A45A38E4-71C0-4CA0-81C1-E74EBFC984F3}"
EndProject
Project("{FAE04EC0-301F-11D3-BF4B-00C04F79EFBC}") = "OS_simulation", "OS_simulation\OS_simulation.csproj", "{10179A94-DE3C-4270-BE1C-34FAEBEC1BB1}"
EndProject
Global
	GlobalSection(SolutionConfigurationPlatforms) = preSolution
		Debug|Any CPU = Debug|Any CPU
		Debug|ARM = Debug|ARM
		Debug|iPhone = Debug|iPhone
		Debug|iPhoneSimulator = Debug|iPhoneSimulator
		Debug|x64 = Debug|x64
		Debug|x86 = Debug|x86
		Release|Any CPU = Release|Any CPU
		Release|ARM = Release|ARM
		Release|iPhone = Release|iPhone
		Release|iPhoneSimulator = Release|iPhoneSimulator
		Release|x64 = Release|x64
		Release|x86 = Release|x86
	EndGlobalSection
	GlobalSection(ProjectConfigurationPlatforms) = postSolution
		{4CEAB93F-8CE5-4BEE-BDE8-011FD398C728}.Debug|Any CPU.ActiveCfg = Debug|x86
		{4CEAB93F-8CE5-4BEE-BDE8-011FD398C728}.Debug|Any CPU.Build.0 = Debug|x86
		{4CEAB93F-8CE5-4BEE-BDE8-011FD398C728}.Debug|Any CPU.Deploy.0 = Debug|x86
		{4CEAB93F-8CE5-4BEE-BDE8-011FD398C728}.Debug|ARM.ActiveCfg = Debug|ARM
		{4CEAB93F-8CE5-4BEE-BDE8-011FD398C728}.Debug|ARM.Build.0 = Debug|ARM
		{4CEAB93F-8CE5-4BEE-BDE8-011FD398C728}.Debug|ARM.Deploy.0 = Debug|ARM
		{4CEAB93F-8CE5-4BEE-BDE8-011FD398C728}.Debug|iPhone.ActiveCfg = Debug|x86
		{4CEAB93F-8CE5-4BEE-BDE8-011FD398C728}.Debug|iPhone.Build.0 = Debug|x86
		{4CEAB93F-8CE5-4BEE-BDE8-011FD398C728}.Debug|iPhone.Deploy.0 = Debug|x86
		{4CEAB93F-8CE5-4BEE-BDE8-011FD398C728}.Debug|iPhoneSimulator.ActiveCfg = Debug|x86
		{4CEAB93F-8CE5-4BEE-BDE8-011FD398C728}.Debug|iPhoneSimulator.Build.0 = Debug|x86
		{4CEAB93F-8CE5-4BEE-BDE8-011FD398C728}.Debug|iPhoneSimulator.Deploy.0 = Debug|x86
		{4CEAB93F-8CE5-4BEE-BDE8-011FD398C728}.Debug|x64.ActiveCfg = Debug|x64
		{4CEAB93F-8CE5-4BEE-BDE8-011FD398C728}.Debug|x64.Build.0 = Debug|x64
		{4CEAB93F-8CE5-4BEE-BDE8-011FD398C728}.Debug|x64.Deploy.0 = Debug|x64
		{4CEAB93F-8CE5-4BEE-BDE8-011FD398C728}.Debug|x86.ActiveCfg = Debug|x86
		{4CEAB93F-8CE5-4BEE-BDE8-011FD398C728}.Debug|x86.Build.0 = Debug|x86
		{4CEAB93F-8CE5-4BEE-BDE8-011FD398C728}.Debug|x86.Deploy.0 = Debug|x86
		{4CEAB93F-8CE5-4BEE-BDE8-011FD398C728}.Release|Any CPU.ActiveCfg = Release|x86
		{4CEAB93F-8CE5-4BEE-BDE8-011FD398C728}.Release|Any CPU.Build.0 = Release|x86
		{4CEAB93F-8CE5-4BEE-BDE8-011FD398C728}.Release|Any CPU.Deploy.0 = Release|x86
		{4CEAB93F-8CE5-4BEE-BDE8-011FD398C728}.Release|ARM.ActiveCfg = Release|ARM
		{4CEAB93F-8CE5-4BEE-BDE8-011FD398C728}.Release|ARM.Build.0 = Release|ARM
		{4CEAB93F-8CE5-4BEE-BDE8-011FD398C728}.Release|ARM.Deploy.0 = Release|ARM
		{4CEAB93F-8CE5-4BEE-BDE8-011FD398C728}.Release|iPhone.ActiveCfg = Release|x86
		{4CEAB93F-8CE5-4BEE-BDE8-011FD398C728}.Release|iPhone.Build.0 = Release|x86
		{4CEAB93F-8CE5-4BEE-BDE8-011FD398C728}.Release|iPhone.Deploy.0 = Release|x86
		{4CEAB93F-8CE5-4BEE-BDE8-011FD398C728}.Release|iPhoneSimulator.ActiveCfg = Release|x86
		{4CEAB93F-8CE5-4BEE-BDE8-011FD398C728}.Release|iPhoneSimulator.Build.0 = Release|x86
		{4CEAB93F-8CE5-4BEE-BDE8-011FD398C728}.Release|iPhoneSimulator.Deploy.0 = Release|x86
		{4CEAB93F-8CE5-4BEE-BDE8-011FD398C728}.Release|x64.ActiveCfg = Release|x64
		{4CEAB93F-8CE5-4BEE-BDE8-011FD398C728}.Release|x64.Build.0 = Release|x64
		{4CEAB93F-8CE5-4BEE-BDE8-011FD398C728}.Release|x64.Deploy.0 = Release|x64
		{4CEAB93F-8CE5-4BEE-BDE8-011FD398C728}.Release|x86.ActiveCfg = Release|x86
		{4CEAB93F-8CE5-4BEE-BDE8-011FD398C728}.Release|x86.Build.0 = Release|x86
		{4CEAB93F-8CE5-4BEE-BDE8-011FD398C728}.Release|x86.Deploy.0 = Release|x86
		{D2207DFE-4FEA-4915-8D01-A430C6BBE826}.Debug|Any CPU.ActiveCfg = Debug|Any CPU
		{D2207DFE-4FEA-4915-8D01-A430C6BBE826}.Debug|Any CPU.Build.0 = Debug|Any CPU
		{D2207DFE-4FEA-4915-8D01-A430C6BBE826}.Debug|Any CPU.Deploy.0 = Debug|Any CPU
		{D2207DFE-4FEA-4915-8D01-A430C6BBE826}.Debug|ARM.ActiveCfg = Debug|Any CPU
		{D2207DFE-4FEA-4915-8D01-A430C6BBE826}.Debug|ARM.Build.0 = Debug|Any CPU
		{D2207DFE-4FEA-4915-8D01-A430C6BBE826}.Debug|ARM.Deploy.0 = Debug|Any CPU
		{D2207DFE-4FEA-4915-8D01-A430C6BBE826}.Debug|iPhone.ActiveCfg = Debug|Any CPU
		{D2207DFE-4FEA-4915-8D01-A430C6BBE826}.Debug|iPhone.Build.0 = Debug|Any CPU
		{D2207DFE-4FEA-4915-8D01-A430C6BBE826}.Debug|iPhone.Deploy.0 = Debug|Any CPU
		{D2207DFE-4FEA-4915-8D01-A430C6BBE826}.Debug|iPhoneSimulator.ActiveCfg = Debug|Any CPU
		{D2207DFE-4FEA-4915-8D01-A430C6BBE826}.Debug|iPhoneSimulator.Build.0 = Debug|Any CPU
		{D2207DFE-4FEA-4915-8D01-A430C6BBE826}.Debug|iPhoneSimulator.Deploy.0 = Debug|Any CPU
		{D2207DFE-4FEA-4915-8D01-A430C6BBE826}.Debug|x64.ActiveCfg = Debug|Any CPU
		{D2207DFE-4FEA-4915-8D01-A430C6BBE826}.Debug|x64.Build.0 = Debug|Any CPU
		{D2207DFE-4FEA-4915-8D01-A430C6BBE826}.Debug|x64.Deploy.0 = Debug|Any CPU
		{D2207DFE-4FEA-4915-8D01-A430C6BBE826}.Debug|x86.ActiveCfg = Debug|Any CPU
		{D2207DFE-4FEA-4915-8D01-A430C6BBE826}.Debug|x86.Build.0 = Debug|Any CPU
		{D2207DFE-4FEA-4915-8D01-A430C6BBE826}.Debug|x86.Deploy.0 = Debug|Any CPU
		{D2207DFE-4FEA-4915-8D01-A430C6BBE826}.Release|Any CPU.ActiveCfg = Release|Any CPU
		{D2207DFE-4FEA-4915-8D01-A430C6BBE826}.Release|Any CPU.Build.0 = Release|Any CPU
		{D2207DFE-4FEA-4915-8D01-A430C6BBE826}.Release|Any CPU.Deploy.0 = Release|Any CPU
		{D2207DFE-4FEA-4915-8D01-A430C6BBE826}.Release|ARM.ActiveCfg = Release|Any CPU
		{D2207DFE-4FEA-4915-8D01-A430C6BBE826}.Release|ARM.Build.0 = Release|Any CPU
		{D2207DFE-4FEA-4915-8D01-A430C6BBE826}.Release|ARM.Deploy.0 = Release|Any CPU
		{D2207DFE-4FEA-4915-8D01-A430C6BBE826}.Release|iPhone.ActiveCfg = Release|Any CPU
		{D2207DFE-4FEA-4915-8D01-A430C6BBE826}.Release|iPhone.Build.0 = Release|Any CPU
		{D2207DFE-4FEA-4915-8D01-A430C6BBE826}.Release|iPhone.Deploy.0 = Release|Any CPU
		{D2207DFE-4FEA-4915-8D01-A430C6BBE826}.Release|iPhoneSimulator.ActiveCfg = Release|Any CPU
		{D2207DFE-4FEA-4915-8D01-A430C6BBE826}.Release|iPhoneSimulator.Build.0 = Release|Any CPU
		{D2207DFE-4FEA-4915-8D01-A430C6BBE826}.Release|iPhoneSimulator.Deploy.0 = Release|Any CPU
		{D2207DFE-4FEA-4915-8D01-A430C6BBE826}.Release|x64.ActiveCfg = Release|Any CPU
		{D2207DFE-4FEA-4915-8D01-A430C6BBE826}.Release|x64.Build.0 = Release|Any CPU
		{D2207DFE-4FEA-4915-8D01-A430C6BBE826}.Release|x64.Deploy.0 = Release|Any CPU
		{D2207DFE-4FEA-4915-8D01-A430C6BBE826}.Release|x86.ActiveCfg = Release|Any CPU
		{D2207DFE-4FEA-4915-8D01-A430C6BBE826}.Release|x86.Build.0 = Release|Any CPU
		{D2207DFE-4FEA-4915-8D01-A430C6BBE826}.Release|x86.Deploy.0 = Release|Any CPU
		{A45A38E4-71C0-4CA0-81C1-E74EBFC984F3}.Debug|Any CPU.ActiveCfg = Debug|iPhone
		{A45A38E4-71C0-4CA0-81C1-E74EBFC984F3}.Debug|Any CPU.Build.0 = Debug|iPhone
		{A45A38E4-71C0-4CA0-81C1-E74EBFC984F3}.Debug|Any CPU.Deploy.0 = Debug|iPhone
		{A45A38E4-71C0-4CA0-81C1-E74EBFC984F3}.Debug|ARM.ActiveCfg = Debug|iPhoneSimulator
		{A45A38E4-71C0-4CA0-81C1-E74EBFC984F3}.Debug|ARM.Build.0 = Debug|iPhoneSimulator
		{A45A38E4-71C0-4CA0-81C1-E74EBFC984F3}.Debug|ARM.Deploy.0 = Debug|iPhoneSimulator
		{A45A38E4-71C0-4CA0-81C1-E74EBFC984F3}.Debug|iPhone.ActiveCfg = Debug|iPhone
		{A45A38E4-71C0-4CA0-81C1-E74EBFC984F3}.Debug|iPhone.Build.0 = Debug|iPhone
		{A45A38E4-71C0-4CA0-81C1-E74EBFC984F3}.Debug|iPhone.Deploy.0 = Debug|iPhone
		{A45A38E4-71C0-4CA0-81C1-E74EBFC984F3}.Debug|iPhoneSimulator.ActiveCfg = Debug|iPhoneSimulator
		{A45A38E4-71C0-4CA0-81C1-E74EBFC984F3}.Debug|iPhoneSimulator.Build.0 = Debug|iPhoneSimulator
		{A45A38E4-71C0-4CA0-81C1-E74EBFC984F3}.Debug|iPhoneSimulator.Deploy.0 = Debug|iPhoneSimulator
		{A45A38E4-71C0-4CA0-81C1-E74EBFC984F3}.Debug|x64.ActiveCfg = Debug|iPhone
		{A45A38E4-71C0-4CA0-81C1-E74EBFC984F3}.Debug|x64.Build.0 = Debug|iPhone
		{A45A38E4-71C0-4CA0-81C1-E74EBFC984F3}.Debug|x64.Deploy.0 = Debug|iPhone
		{A45A38E4-71C0-4CA0-81C1-E74EBFC984F3}.Debug|x86.ActiveCfg = Debug|iPhone
		{A45A38E4-71C0-4CA0-81C1-E74EBFC984F3}.Debug|x86.Build.0 = Debug|iPhone
		{A45A38E4-71C0-4CA0-81C1-E74EBFC984F3}.Debug|x86.Deploy.0 = Debug|iPhone
		{A45A38E4-71C0-4CA0-81C1-E74EBFC984F3}.Release|Any CPU.ActiveCfg = Release|iPhone
		{A45A38E4-71C0-4CA0-81C1-E74EBFC984F3}.Release|Any CPU.Build.0 = Release|iPhone
		{A45A38E4-71C0-4CA0-81C1-E74EBFC984F3}.Release|Any CPU.Deploy.0 = Release|iPhone
		{A45A38E4-71C0-4CA0-81C1-E74EBFC984F3}.Release|ARM.ActiveCfg = Release|iPhone
		{A45A38E4-71C0-4CA0-81C1-E74EBFC984F3}.Release|ARM.Build.0 = Release|iPhone
		{A45A38E4-71C0-4CA0-81C1-E74EBFC984F3}.Release|ARM.Deploy.0 = Release|iPhone
		{A45A38E4-71C0-4CA0-81C1-E74EBFC984F3}.Release|iPhone.ActiveCfg = Release|iPhone
		{A45A38E4-71C0-4CA0-81C1-E74EBFC984F3}.Release|iPhone.Build.0 = Release|iPhone
		{A45A38E4-71C0-4CA0-81C1-E74EBFC984F3}.Release|iPhone.Deploy.0 = Release|iPhone
		{A45A38E4-71C0-4CA0-81C1-E74EBFC984F3}.Release|iPhoneSimulator.ActiveCfg = Release|iPhoneSimulator
		{A45A38E4-71C0-4CA0-81C1-E74EBFC984F3}.Release|iPhoneSimulator.Build.0 = Release|iPhoneSimulator
		{A45A38E4-71C0-4CA0-81C1-E74EBFC984F3}.Release|iPhoneSimulator.Deploy.0 = Release|iPhoneSimulator
		{A45A38E4-71C0-4CA0-81C1-E74EBFC984F3}.Release|x64.ActiveCfg = Release|iPhone
		{A45A38E4-71C0-4CA0-81C1-E74EBFC984F3}.Release|x64.Build.0 = Release|iPhone
		{A45A38E4-71C0-4CA0-81C1-E74EBFC984F3}.Release|x64.Deploy.0 = Release|iPhone
		{A45A38E4-71C0-4CA0-81C1-E74EBFC984F3}.Release|x86.ActiveCfg = Release|iPhone
		{A45A38E4-71C0-4CA0-81C1-E74EBFC984F3}.Release|x86.Build.0 = Release|iPhone
		{A45A38E4-71C0-4CA0-81C1-E74EBFC984F3}.Release|x86.Deploy.0 = Release|iPhone
		{10179A94-DE3C-4270-BE1C-34FAEBEC1BB1}.Debug|Any CPU.ActiveCfg = Debug|Any CPU
		{10179A94-DE3C-4270-BE1C-34FAEBEC1BB1}.Debug|Any CPU.Build.0 = Debug|Any CPU
		{10179A94-DE3C-4270-BE1C-34FAEBEC1BB1}.Debug|Any CPU.Deploy.0 = Debug|Any CPU
		{10179A94-DE3C-4270-BE1C-34FAEBEC1BB1}.Debug|ARM.ActiveCfg = Debug|Any CPU
		{10179A94-DE3C-4270-BE1C-34FAEBEC1BB1}.Debug|ARM.Build.0 = Debug|Any CPU
		{10179A94-DE3C-4270-BE1C-34FAEBEC1BB1}.Debug|ARM.Deploy.0 = Debug|Any CPU
		{10179A94-DE3C-4270-BE1C-34FAEBEC1BB1}.Debug|iPhone.ActiveCfg = Debug|Any CPU
		{10179A94-DE3C-4270-BE1C-34FAEBEC1BB1}.Debug|iPhone.Build.0 = Debug|Any CPU
		{10179A94-DE3C-4270-BE1C-34FAEBEC1BB1}.Debug|iPhone.Deploy.0 = Debug|Any CPU
		{10179A94-DE3C-4270-BE1C-34FAEBEC1BB1}.Debug|iPhoneSimulator.ActiveCfg = Debug|Any CPU
		{10179A94-DE3C-4270-BE1C-34FAEBEC1BB1}.Debug|iPhoneSimulator.Build.0 = Debug|Any CPU
		{10179A94-DE3C-4270-BE1C-34FAEBEC1BB1}.Debug|iPhoneSimulator.Deploy.0 = Debug|Any CPU
		{10179A94-DE3C-4270-BE1C-34FAEBEC1BB1}.Debug|x64.ActiveCfg = Debug|Any CPU
		{10179A94-DE3C-4270-BE1C-34FAEBEC1BB1}.Debug|x64.Build.0 = Debug|Any CPU
		{10179A94-DE3C-4270-BE1C-34FAEBEC1BB1}.Debug|x64.Deploy.0 = Debug|Any CPU
		{10179A94-DE3C-4270-BE1C-34FAEBEC1BB1}.Debug|x86.ActiveCfg = Debug|Any CPU
		{10179A94-DE3C-4270-BE1C-34FAEBEC1BB1}.Debug|x86.Build.0 = Debug|Any CPU
		{10179A94-DE3C-4270-BE1C-34FAEBEC1BB1}.Debug|x86.Deploy.0 = Debug|Any CPU
		{10179A94-DE3C-4270-BE1C-34FAEBEC1BB1}.Release|Any CPU.ActiveCfg = Release|Any CPU
		{10179A94-DE3C-4270-BE1C-34FAEBEC1BB1}.Release|Any CPU.Build.0 = Release|Any CPU
		{10179A94-DE3C-4270-BE1C-34FAEBEC1BB1}.Release|Any CPU.Deploy.0 = Release|Any CPU
		{10179A94-DE3C-4270-BE1C-34FAEBEC1BB1}.Release|ARM.ActiveCfg = Release|Any CPU
		{10179A94-DE3C-4270-BE1C-34FAEBEC1BB1}.Release|ARM.Build.0 = Release|Any CPU
		{10179A94-DE3C-4270-BE1C-34FAEBEC1BB1}.Release|ARM.Deploy.0 = Release|Any CPU
		{10179A94-DE3C-4270-BE1C-34FAEBEC1BB1}.Release|iPhone.ActiveCfg = Release|Any CPU
		{10179A94-DE3C-4270-BE1C-34FAEBEC1BB1}.Release|iPhone.Build.0 = Release|Any CPU
		{10179A94-DE3C-4270-BE1C-34FAEBEC1BB1}.Release|iPhone.Deploy.0 = Release|Any CPU
		{10179A94-DE3C-4270-BE1C-34FAEBEC1BB1}.Release|iPhoneSimulator.ActiveCfg = Release|Any CPU
		{10179A94-DE3C-4270-BE1C-34FAEBEC1BB1}.Release|iPhoneSimulator.Build.0 = Release|Any CPU
		{10179A94-DE3C-4270-BE1C-34FAEBEC1BB1}.Release|iPhoneSimulator.Deploy.0 = Release|Any CPU
		{10179A94-DE3C-4270-BE1C-34FAEBEC1BB1}.Release|x64.ActiveCfg = Release|Any CPU
		{10179A94-DE3C-4270-BE1C-34FAEBEC1BB1}.Release|x64.Build.0 = Release|Any CPU
		{10179A94-DE3C-4270-BE1C-34FAEBEC1BB1}.Release|x64.Deploy.0 = Release|Any CPU
		{10179A94-DE3C-4270-BE1C-34FAEBEC1BB1}.Release|x86.ActiveCfg = Release|Any CPU
		{10179A94-DE3C-4270-BE1C-34FAEBEC1BB1}.Release|x86.Build.0 = Release|Any CPU
		{10179A94-DE3C-4270-BE1C-34FAEBEC1BB1}.Release|x86.Deploy.0 = Release|Any CPU
	EndGlobalSection
	GlobalSection(SolutionProperties) = preSolution
		HideSolutionNode = FALSE
	EndGlobalSection
	GlobalSection(ExtensibilityGlobals) = postSolution
		SolutionGuid = {B6F82A7D-EF4E-4172-BA5A-25EE154EBF00}
	EndGlobalSection
EndGlobal
